
Microsoft Visual Studio Solution File, Format Version 12.00
# Visual Studio 15
VisualStudioVersion = 15.0.27703.2018
MinimumVisualStudioVersion = 10.0.40219.1
Project("{FAE04EC0-301F-11D3-BF4B-00C04F79EFBC}") = "notepat", "notepat\notepat.csproj", "{499D28CB-38DC-4205-AEAD-A4760F48AF5B}"
EndProject
Global
	GlobalSection(SolutionConfigurationPlatforms) = preSolution
		Debug|Any CPU = Debug|Any CPU
		Release|Any CPU = Release|Any CPU
	EndGlobalSection
	GlobalSection(ProjectConfigurationPlatforms) = postSolution
		{499D28CB-38DC-4205-AEAD-A4760F48AF5B}.Debug|Any CPU.ActiveCfg = Debug|Any CPU
		{499D28CB-38DC-4205-AEAD-A4760F48AF5B}.Debug|Any CPU.Build.0 = Debug|Any CPU
		{499D28CB-38DC-4205-AEAD-A4760F48AF5B}.Release|Any CPU.ActiveCfg = Release|Any CPU
		{499D28CB-38DC-4205-AEAD-A4760F48AF5B}.Release|Any CPU.Build.0 = Release|Any CPU
	EndGlobalSection
	GlobalSection(SolutionProperties) = preSolution
		HideSolutionNode = FALSE
	EndGlobalSection
	GlobalSection(ExtensibilityGlobals) = postSolution
		SolutionGuid = {0308E8EA-886D-458C-92B7-9FB380961B09}
	EndGlobalSection
EndGlobal
